
Microsoft Visual Studio Solution File, Format Version 12.00
# Visual Studio Version 16
VisualStudioVersion = 16.0.30907.101
MinimumVisualStudioVersion = 10.0.40219.1
Project("{8BC9CEB8-8B4A-11D0-8D11-00A0C91BC942}") = "ProcessHollowCPP", "ProcessHollowCPP\ProcessHollowCPP.vcxproj", "{75DD6174-3FF0-4245-BAAD-CF01AA0B261F}"
EndProject
Global
	GlobalSection(SolutionConfigurationPlatforms) = preSolution
		Debug|x64 = Debug|x64
		Debug|x86 = Debug|x86
		Release|x64 = Release|x64
		Release|x86 = Release|x86
	EndGlobalSection
	GlobalSection(ProjectConfigurationPlatforms) = postSolution
		{75DD6174-3FF0-4245-BAAD-CF01AA0B261F}.Debug|x64.ActiveCfg = Debug|x64
		{75DD6174-3FF0-4245-BAAD-CF01AA0B261F}.Debug|x64.Build.0 = Debug|x64
		{75DD6174-3FF0-4245-BAAD-CF01AA0B261F}.Debug|x86.ActiveCfg = Debug|Win32
		{75DD6174-3FF0-4245-BAAD-CF01AA0B261F}.Debug|x86.Build.0 = Debug|Win32
		{75DD6174-3FF0-4245-BAAD-CF01AA0B261F}.Release|x64.ActiveCfg = Release|x64
		{75DD6174-3FF0-4245-BAAD-CF01AA0B261F}.Release|x64.Build.0 = Release|x64
		{75DD6174-3FF0-4245-BAAD-CF01AA0B261F}.Release|x86.ActiveCfg = Release|Win32
		{75DD6174-3FF0-4245-BAAD-CF01AA0B261F}.Release|x86.Build.0 = Release|Win32
	EndGlobalSection
	GlobalSection(SolutionProperties) = preSolution
		HideSolutionNode = FALSE
	EndGlobalSection
	GlobalSection(ExtensibilityGlobals) = postSolution
		SolutionGuid = {5CD669A8-9444-4548-A7A8-F096352C954D}
	EndGlobalSection
EndGlobal
